
Microsoft Visual Studio Solution File, Format Version 12.00
# Visual Studio Version 16
VisualStudioVersion = 16.0.29728.190
MinimumVisualStudioVersion = 10.0.40219.1
Project("{9A19103F-16F7-4668-BE54-9A1E7A4F7556}") = "Soccer.Common", "Soccer.Common\Soccer.Common.csproj", "{B72D0E97-7DBD-4CAC-84E9-68BC813E1C1A}"
EndProject
Project("{9A19103F-16F7-4668-BE54-9A1E7A4F7556}") = "Soccer.Web", "Soccer.Web\Soccer.Web.csproj", "{C9E2EA38-05D9-4A66-8DD1-BE8B483C1464}"
EndProject
Project("{9A19103F-16F7-4668-BE54-9A1E7A4F7556}") = "Soccer.Prism", "Soccer.Prism\Soccer.Prism\Soccer.Prism.csproj", "{042DC197-CAB6-4958-B247-BDC81B02AA1F}"
EndProject
Project("{FAE04EC0-301F-11D3-BF4B-00C04F79EFBC}") = "Soccer.Prism.Android", "Soccer.Prism\Soccer.Prism.Android\Soccer.Prism.Android.csproj", "{ECFFCAD1-CDFB-4C38-B1D6-8BF43FBE0A5F}"
EndProject
Project("{FAE04EC0-301F-11D3-BF4B-00C04F79EFBC}") = "Soccer.Prism.iOS", "Soccer.Prism\Soccer.Prism.iOS\Soccer.Prism.iOS.csproj", "{5917C203-3A48-40A9-BE0D-367A200DD3CD}"
EndProject
Project("{FAE04EC0-301F-11D3-BF4B-00C04F79EFBC}") = "Soccer.Cross.Android", "Soccer.Cross.Android\Soccer.Cross.Android.csproj", "{26FA4BFE-C98B-43E9-AD4A-95DF34A219C3}"
EndProject
Project("{FAE04EC0-301F-11D3-BF4B-00C04F79EFBC}") = "Soccer.Cross.iOS", "Soccer.Cross.iOS\Soccer.Cross.iOS.csproj", "{2D7CF336-1F7A-46AF-B13A-086DCA7270DB}"
EndProject
Global
	GlobalSection(SolutionConfigurationPlatforms) = preSolution
		Ad-Hoc|Any CPU = Ad-Hoc|Any CPU
		Ad-Hoc|ARM = Ad-Hoc|ARM
		Ad-Hoc|iPhone = Ad-Hoc|iPhone
		Ad-Hoc|iPhoneSimulator = Ad-Hoc|iPhoneSimulator
		Ad-Hoc|x64 = Ad-Hoc|x64
		Ad-Hoc|x86 = Ad-Hoc|x86
		AppStore|Any CPU = AppStore|Any CPU
		AppStore|ARM = AppStore|ARM
		AppStore|iPhone = AppStore|iPhone
		AppStore|iPhoneSimulator = AppStore|iPhoneSimulator
		AppStore|x64 = AppStore|x64
		AppStore|x86 = AppStore|x86
		Debug|Any CPU = Debug|Any CPU
		Debug|ARM = Debug|ARM
		Debug|iPhone = Debug|iPhone
		Debug|iPhoneSimulator = Debug|iPhoneSimulator
		Debug|x64 = Debug|x64
		Debug|x86 = Debug|x86
		Release|Any CPU = Release|Any CPU
		Release|ARM = Release|ARM
		Release|iPhone = Release|iPhone
		Release|iPhoneSimulator = Release|iPhoneSimulator
		Release|x64 = Release|x64
		Release|x86 = Release|x86
	EndGlobalSection
	GlobalSection(ProjectConfigurationPlatforms) = postSolution
		{B72D0E97-7DBD-4CAC-84E9-68BC813E1C1A}.Ad-Hoc|Any CPU.ActiveCfg = Release|Any CPU
		{B72D0E97-7DBD-4CAC-84E9-68BC813E1C1A}.Ad-Hoc|Any CPU.Build.0 = Release|Any CPU
		{B72D0E97-7DBD-4CAC-84E9-68BC813E1C1A}.Ad-Hoc|ARM.ActiveCfg = Release|Any CPU
		{B72D0E97-7DBD-4CAC-84E9-68BC813E1C1A}.Ad-Hoc|ARM.Build.0 = Release|Any CPU
		{B72D0E97-7DBD-4CAC-84E9-68BC813E1C1A}.Ad-Hoc|iPhone.ActiveCfg = Release|Any CPU
		{B72D0E97-7DBD-4CAC-84E9-68BC813E1C1A}.Ad-Hoc|iPhone.Build.0 = Release|Any CPU
		{B72D0E97-7DBD-4CAC-84E9-68BC813E1C1A}.Ad-Hoc|iPhoneSimulator.ActiveCfg = Release|Any CPU
		{B72D0E97-7DBD-4CAC-84E9-68BC813E1C1A}.Ad-Hoc|iPhoneSimulator.Build.0 = Release|Any CPU
		{B72D0E97-7DBD-4CAC-84E9-68BC813E1C1A}.Ad-Hoc|x64.ActiveCfg = Release|Any CPU
		{B72D0E97-7DBD-4CAC-84E9-68BC813E1C1A}.Ad-Hoc|x64.Build.0 = Release|Any CPU
		{B72D0E97-7DBD-4CAC-84E9-68BC813E1C1A}.Ad-Hoc|x86.ActiveCfg = Release|Any CPU
		{B72D0E97-7DBD-4CAC-84E9-68BC813E1C1A}.Ad-Hoc|x86.Build.0 = Release|Any CPU
		{B72D0E97-7DBD-4CAC-84E9-68BC813E1C1A}.AppStore|Any CPU.ActiveCfg = Release|Any CPU
		{B72D0E97-7DBD-4CAC-84E9-68BC813E1C1A}.AppStore|Any CPU.Build.0 = Release|Any CPU
		{B72D0E97-7DBD-4CAC-84E9-68BC813E1C1A}.AppStore|ARM.ActiveCfg = Release|Any CPU
		{B72D0E97-7DBD-4CAC-84E9-68BC813E1C1A}.AppStore|ARM.Build.0 = Release|Any CPU
		{B72D0E97-7DBD-4CAC-84E9-68BC813E1C1A}.AppStore|iPhone.ActiveCfg = Release|Any CPU
		{B72D0E97-7DBD-4CAC-84E9-68BC813E1C1A}.AppStore|iPhone.Build.0 = Release|Any CPU
		{B72D0E97-7DBD-4CAC-84E9-68BC813E1C1A}.AppStore|iPhoneSimulator.ActiveCfg = Release|Any CPU
		{B72D0E97-7DBD-4CAC-84E9-68BC813E1C1A}.AppStore|iPhoneSimulator.Build.0 = Release|Any CPU
		{B72D0E97-7DBD-4CAC-84E9-68BC813E1C1A}.AppStore|x64.ActiveCfg = Release|Any CPU
		{B72D0E97-7DBD-4CAC-84E9-68BC813E1C1A}.AppStore|x64.Build.0 = Release|Any CPU
		{B72D0E97-7DBD-4CAC-84E9-68BC813E1C1A}.AppStore|x86.ActiveCfg = Release|Any CPU
		{B72D0E97-7DBD-4CAC-84E9-68BC813E1C1A}.AppStore|x86.Build.0 = Release|Any CPU
		{B72D0E97-7DBD-4CAC-84E9-68BC813E1C1A}.Debug|Any CPU.ActiveCfg = Debug|Any CPU
		{B72D0E97-7DBD-4CAC-84E9-68BC813E1C1A}.Debug|Any CPU.Build.0 = Debug|Any CPU
		{B72D0E97-7DBD-4CAC-84E9-68BC813E1C1A}.Debug|ARM.ActiveCfg = Debug|Any CPU
		{B72D0E97-7DBD-4CAC-84E9-68BC813E1C1A}.Debug|ARM.Build.0 = Debug|Any CPU
		{B72D0E97-7DBD-4CAC-84E9-68BC813E1C1A}.Debug|iPhone.ActiveCfg = Debug|Any CPU
		{B72D0E97-7DBD-4CAC-84E9-68BC813E1C1A}.Debug|iPhone.Build.0 = Debug|Any CPU
		{B72D0E97-7DBD-4CAC-84E9-68BC813E1C1A}.Debug|iPhoneSimulator.ActiveCfg = Debug|Any CPU
		{B72D0E97-7DBD-4CAC-84E9-68BC813E1C1A}.Debug|iPhoneSimulator.Build.0 = Debug|Any CPU
		{B72D0E97-7DBD-4CAC-84E9-68BC813E1C1A}.Debug|x64.ActiveCfg = Debug|Any CPU
		{B72D0E97-7DBD-4CAC-84E9-68BC813E1C1A}.Debug|x64.Build.0 = Debug|Any CPU
		{B72D0E97-7DBD-4CAC-84E9-68BC813E1C1A}.Debug|x86.ActiveCfg = Debug|Any CPU
		{B72D0E97-7DBD-4CAC-84E9-68BC813E1C1A}.Debug|x86.Build.0 = Debug|Any CPU
		{B72D0E97-7DBD-4CAC-84E9-68BC813E1C1A}.Release|Any CPU.ActiveCfg = Release|Any CPU
		{B72D0E97-7DBD-4CAC-84E9-68BC813E1C1A}.Release|Any CPU.Build.0 = Release|Any CPU
		{B72D0E97-7DBD-4CAC-84E9-68BC813E1C1A}.Release|ARM.ActiveCfg = Release|Any CPU
		{B72D0E97-7DBD-4CAC-84E9-68BC813E1C1A}.Release|ARM.Build.0 = Release|Any CPU
		{B72D0E97-7DBD-4CAC-84E9-68BC813E1C1A}.Release|iPhone.ActiveCfg = Release|Any CPU
		{B72D0E97-7DBD-4CAC-84E9-68BC813E1C1A}.Release|iPhone.Build.0 = Release|Any CPU
		{B72D0E97-7DBD-4CAC-84E9-68BC813E1C1A}.Release|iPhoneSimulator.ActiveCfg = Release|Any CPU
		{B72D0E97-7DBD-4CAC-84E9-68BC813E1C1A}.Release|iPhoneSimulator.Build.0 = Release|Any CPU
		{B72D0E97-7DBD-4CAC-84E9-68BC813E1C1A}.Release|x64.ActiveCfg = Release|Any CPU
		{B72D0E97-7DBD-4CAC-84E9-68BC813E1C1A}.Release|x64.Build.0 = Release|Any CPU
		{B72D0E97-7DBD-4CAC-84E9-68BC813E1C1A}.Release|x86.ActiveCfg = Release|Any CPU
		{B72D0E97-7DBD-4CAC-84E9-68BC813E1C1A}.Release|x86.Build.0 = Release|Any CPU
		{C9E2EA38-05D9-4A66-8DD1-BE8B483C1464}.Ad-Hoc|Any CPU.ActiveCfg = Release|Any CPU
		{C9E2EA38-05D9-4A66-8DD1-BE8B483C1464}.Ad-Hoc|Any CPU.Build.0 = Release|Any CPU
		{C9E2EA38-05D9-4A66-8DD1-BE8B483C1464}.Ad-Hoc|ARM.ActiveCfg = Release|Any CPU
		{C9E2EA38-05D9-4A66-8DD1-BE8B483C1464}.Ad-Hoc|ARM.Build.0 = Release|Any CPU
		{C9E2EA38-05D9-4A66-8DD1-BE8B483C1464}.Ad-Hoc|iPhone.ActiveCfg = Release|Any CPU
		{C9E2EA38-05D9-4A66-8DD1-BE8B483C1464}.Ad-Hoc|iPhone.Build.0 = Release|Any CPU
		{C9E2EA38-05D9-4A66-8DD1-BE8B483C1464}.Ad-Hoc|iPhoneSimulator.ActiveCfg = Release|Any CPU
		{C9E2EA38-05D9-4A66-8DD1-BE8B483C1464}.Ad-Hoc|iPhoneSimulator.Build.0 = Release|Any CPU
		{C9E2EA38-05D9-4A66-8DD1-BE8B483C1464}.Ad-Hoc|x64.ActiveCfg = Release|Any CPU
		{C9E2EA38-05D9-4A66-8DD1-BE8B483C1464}.Ad-Hoc|x64.Build.0 = Release|Any CPU
		{C9E2EA38-05D9-4A66-8DD1-BE8B483C1464}.Ad-Hoc|x86.ActiveCfg = Release|Any CPU
		{C9E2EA38-05D9-4A66-8DD1-BE8B483C1464}.Ad-Hoc|x86.Build.0 = Release|Any CPU
		{C9E2EA38-05D9-4A66-8DD1-BE8B483C1464}.AppStore|Any CPU.ActiveCfg = Release|Any CPU
		{C9E2EA38-05D9-4A66-8DD1-BE8B483C1464}.AppStore|Any CPU.Build.0 = Release|Any CPU
		{C9E2EA38-05D9-4A66-8DD1-BE8B483C1464}.AppStore|ARM.ActiveCfg = Release|Any CPU
		{C9E2EA38-05D9-4A66-8DD1-BE8B483C1464}.AppStore|ARM.Build.0 = Release|Any CPU
		{C9E2EA38-05D9-4A66-8DD1-BE8B483C1464}.AppStore|iPhone.ActiveCfg = Release|Any CPU
		{C9E2EA38-05D9-4A66-8DD1-BE8B483C1464}.AppStore|iPhone.Build.0 = Release|Any CPU
		{C9E2EA38-05D9-4A66-8DD1-BE8B483C1464}.AppStore|iPhoneSimulator.ActiveCfg = Release|Any CPU
		{C9E2EA38-05D9-4A66-8DD1-BE8B483C1464}.AppStore|iPhoneSimulator.Build.0 = Release|Any CPU
		{C9E2EA38-05D9-4A66-8DD1-BE8B483C1464}.AppStore|x64.ActiveCfg = Release|Any CPU
		{C9E2EA38-05D9-4A66-8DD1-BE8B483C1464}.AppStore|x64.Build.0 = Release|Any CPU
		{C9E2EA38-05D9-4A66-8DD1-BE8B483C1464}.AppStore|x86.ActiveCfg = Release|Any CPU
		{C9E2EA38-05D9-4A66-8DD1-BE8B483C1464}.AppStore|x86.Build.0 = Release|Any CPU
		{C9E2EA38-05D9-4A66-8DD1-BE8B483C1464}.Debug|Any CPU.ActiveCfg = Debug|Any CPU
		{C9E2EA38-05D9-4A66-8DD1-BE8B483C1464}.Debug|Any CPU.Build.0 = Debug|Any CPU
		{C9E2EA38-05D9-4A66-8DD1-BE8B483C1464}.Debug|ARM.ActiveCfg = Debug|Any CPU
		{C9E2EA38-05D9-4A66-8DD1-BE8B483C1464}.Debug|ARM.Build.0 = Debug|Any CPU
		{C9E2EA38-05D9-4A66-8DD1-BE8B483C1464}.Debug|iPhone.ActiveCfg = Debug|Any CPU
		{C9E2EA38-05D9-4A66-8DD1-BE8B483C1464}.Debug|iPhone.Build.0 = Debug|Any CPU
		{C9E2EA38-05D9-4A66-8DD1-BE8B483C1464}.Debug|iPhoneSimulator.ActiveCfg = Debug|Any CPU
		{C9E2EA38-05D9-4A66-8DD1-BE8B483C1464}.Debug|iPhoneSimulator.Build.0 = Debug|Any CPU
		{C9E2EA38-05D9-4A66-8DD1-BE8B483C1464}.Debug|x64.ActiveCfg = Debug|Any CPU
		{C9E2EA38-05D9-4A66-8DD1-BE8B483C1464}.Debug|x64.Build.0 = Debug|Any CPU
		{C9E2EA38-05D9-4A66-8DD1-BE8B483C1464}.Debug|x86.ActiveCfg = Debug|Any CPU
		{C9E2EA38-05D9-4A66-8DD1-BE8B483C1464}.Debug|x86.Build.0 = Debug|Any CPU
		{C9E2EA38-05D9-4A66-8DD1-BE8B483C1464}.Release|Any CPU.ActiveCfg = Release|Any CPU
		{C9E2EA38-05D9-4A66-8DD1-BE8B483C1464}.Release|Any CPU.Build.0 = Release|Any CPU
		{C9E2EA38-05D9-4A66-8DD1-BE8B483C1464}.Release|ARM.ActiveCfg = Release|Any CPU
		{C9E2EA38-05D9-4A66-8DD1-BE8B483C1464}.Release|ARM.Build.0 = Release|Any CPU
		{C9E2EA38-05D9-4A66-8DD1-BE8B483C1464}.Release|iPhone.ActiveCfg = Release|Any CPU
		{C9E2EA38-05D9-4A66-8DD1-BE8B483C1464}.Release|iPhone.Build.0 = Release|Any CPU
		{C9E2EA38-05D9-4A66-8DD1-BE8B483C1464}.Release|iPhoneSimulator.ActiveCfg = Release|Any CPU
		{C9E2EA38-05D9-4A66-8DD1-BE8B483C1464}.Release|iPhoneSimulator.Build.0 = Release|Any CPU
		{C9E2EA38-05D9-4A66-8DD1-BE8B483C1464}.Release|x64.ActiveCfg = Release|Any CPU
		{C9E2EA38-05D9-4A66-8DD1-BE8B483C1464}.Release|x64.Build.0 = Release|Any CPU
		{C9E2EA38-05D9-4A66-8DD1-BE8B483C1464}.Release|x86.ActiveCfg = Release|Any CPU
		{C9E2EA38-05D9-4A66-8DD1-BE8B483C1464}.Release|x86.Build.0 = Release|Any CPU
		{042DC197-CAB6-4958-B247-BDC81B02AA1F}.Ad-Hoc|Any CPU.ActiveCfg = Debug|Any CPU
		{042DC197-CAB6-4958-B247-BDC81B02AA1F}.Ad-Hoc|Any CPU.Build.0 = Debug|Any CPU
		{042DC197-CAB6-4958-B247-BDC81B02AA1F}.Ad-Hoc|ARM.ActiveCfg = Debug|Any CPU
		{042DC197-CAB6-4958-B247-BDC81B02AA1F}.Ad-Hoc|ARM.Build.0 = Debug|Any CPU
		{042DC197-CAB6-4958-B247-BDC81B02AA1F}.Ad-Hoc|iPhone.ActiveCfg = Debug|Any CPU
		{042DC197-CAB6-4958-B247-BDC81B02AA1F}.Ad-Hoc|iPhone.Build.0 = Debug|Any CPU
		{042DC197-CAB6-4958-B247-BDC81B02AA1F}.Ad-Hoc|iPhoneSimulator.ActiveCfg = Debug|Any CPU
		{042DC197-CAB6-4958-B247-BDC81B02AA1F}.Ad-Hoc|iPhoneSimulator.Build.0 = Debug|Any CPU
		{042DC197-CAB6-4958-B247-BDC81B02AA1F}.Ad-Hoc|x64.ActiveCfg = Debug|Any CPU
		{042DC197-CAB6-4958-B247-BDC81B02AA1F}.Ad-Hoc|x64.Build.0 = Debug|Any CPU
		{042DC197-CAB6-4958-B247-BDC81B02AA1F}.Ad-Hoc|x86.ActiveCfg = Debug|Any CPU
		{042DC197-CAB6-4958-B247-BDC81B02AA1F}.Ad-Hoc|x86.Build.0 = Debug|Any CPU
		{042DC197-CAB6-4958-B247-BDC81B02AA1F}.AppStore|Any CPU.ActiveCfg = Debug|Any CPU
		{042DC197-CAB6-4958-B247-BDC81B02AA1F}.AppStore|Any CPU.Build.0 = Debug|Any CPU
		{042DC197-CAB6-4958-B247-BDC81B02AA1F}.AppStore|ARM.ActiveCfg = Debug|Any CPU
		{042DC197-CAB6-4958-B247-BDC81B02AA1F}.AppStore|ARM.Build.0 = Debug|Any CPU
		{042DC197-CAB6-4958-B247-BDC81B02AA1F}.AppStore|iPhone.ActiveCfg = Debug|Any CPU
		{042DC197-CAB6-4958-B247-BDC81B02AA1F}.AppStore|iPhone.Build.0 = Debug|Any CPU
		{042DC197-CAB6-4958-B247-BDC81B02AA1F}.AppStore|iPhoneSimulator.ActiveCfg = Debug|Any CPU
		{042DC197-CAB6-4958-B247-BDC81B02AA1F}.AppStore|iPhoneSimulator.Build.0 = Debug|Any CPU
		{042DC197-CAB6-4958-B247-BDC81B02AA1F}.AppStore|x64.ActiveCfg = Debug|Any CPU
		{042DC197-CAB6-4958-B247-BDC81B02AA1F}.AppStore|x64.Build.0 = Debug|Any CPU
		{042DC197-CAB6-4958-B247-BDC81B02AA1F}.AppStore|x86.ActiveCfg = Debug|Any CPU
		{042DC197-CAB6-4958-B247-BDC81B02AA1F}.AppStore|x86.Build.0 = Debug|Any CPU
		{042DC197-CAB6-4958-B247-BDC81B02AA1F}.Debug|Any CPU.ActiveCfg = Debug|Any CPU
		{042DC197-CAB6-4958-B247-BDC81B02AA1F}.Debug|Any CPU.Build.0 = Debug|Any CPU
		{042DC197-CAB6-4958-B247-BDC81B02AA1F}.Debug|ARM.ActiveCfg = Debug|Any CPU
		{042DC197-CAB6-4958-B247-BDC81B02AA1F}.Debug|ARM.Build.0 = Debug|Any CPU
		{042DC197-CAB6-4958-B247-BDC81B02AA1F}.Debug|iPhone.ActiveCfg = Debug|Any CPU
		{042DC197-CAB6-4958-B247-BDC81B02AA1F}.Debug|iPhone.Build.0 = Debug|Any CPU
		{042DC197-CAB6-4958-B247-BDC81B02AA1F}.Debug|iPhoneSimulator.ActiveCfg = Debug|Any CPU
		{042DC197-CAB6-4958-B247-BDC81B02AA1F}.Debug|iPhoneSimulator.Build.0 = Debug|Any CPU
		{042DC197-CAB6-4958-B247-BDC81B02AA1F}.Debug|x64.ActiveCfg = Debug|Any CPU
		{042DC197-CAB6-4958-B247-BDC81B02AA1F}.Debug|x64.Build.0 = Debug|Any CPU
		{042DC197-CAB6-4958-B247-BDC81B02AA1F}.Debug|x86.ActiveCfg = Debug|Any CPU
		{042DC197-CAB6-4958-B247-BDC81B02AA1F}.Debug|x86.Build.0 = Debug|Any CPU
		{042DC197-CAB6-4958-B247-BDC81B02AA1F}.Release|Any CPU.ActiveCfg = Release|Any CPU
		{042DC197-CAB6-4958-B247-BDC81B02AA1F}.Release|Any CPU.Build.0 = Release|Any CPU
		{042DC197-CAB6-4958-B247-BDC81B02AA1F}.Release|ARM.ActiveCfg = Release|Any CPU
		{042DC197-CAB6-4958-B247-BDC81B02AA1F}.Release|ARM.Build.0 = Release|Any CPU
		{042DC197-CAB6-4958-B247-BDC81B02AA1F}.Release|iPhone.ActiveCfg = Release|Any CPU
		{042DC197-CAB6-4958-B247-BDC81B02AA1F}.Release|iPhone.Build.0 = Release|Any CPU
		{042DC197-CAB6-4958-B247-BDC81B02AA1F}.Release|iPhoneSimulator.ActiveCfg = Release|Any CPU
		{042DC197-CAB6-4958-B247-BDC81B02AA1F}.Release|iPhoneSimulator.Build.0 = Release|Any CPU
		{042DC197-CAB6-4958-B247-BDC81B02AA1F}.Release|x64.ActiveCfg = Release|Any CPU
		{042DC197-CAB6-4958-B247-BDC81B02AA1F}.Release|x64.Build.0 = Release|Any CPU
		{042DC197-CAB6-4958-B247-BDC81B02AA1F}.Release|x86.ActiveCfg = Release|Any CPU
		{042DC197-CAB6-4958-B247-BDC81B02AA1F}.Release|x86.Build.0 = Release|Any CPU
		{ECFFCAD1-CDFB-4C38-B1D6-8BF43FBE0A5F}.Ad-Hoc|Any CPU.ActiveCfg = Release|Any CPU
		{ECFFCAD1-CDFB-4C38-B1D6-8BF43FBE0A5F}.Ad-Hoc|Any CPU.Build.0 = Release|Any CPU
		{ECFFCAD1-CDFB-4C38-B1D6-8BF43FBE0A5F}.Ad-Hoc|Any CPU.Deploy.0 = Release|Any CPU
		{ECFFCAD1-CDFB-4C38-B1D6-8BF43FBE0A5F}.Ad-Hoc|ARM.ActiveCfg = Release|Any CPU
		{ECFFCAD1-CDFB-4C38-B1D6-8BF43FBE0A5F}.Ad-Hoc|ARM.Build.0 = Release|Any CPU
		{ECFFCAD1-CDFB-4C38-B1D6-8BF43FBE0A5F}.Ad-Hoc|ARM.Deploy.0 = Release|Any CPU
		{ECFFCAD1-CDFB-4C38-B1D6-8BF43FBE0A5F}.Ad-Hoc|iPhone.ActiveCfg = Release|Any CPU
		{ECFFCAD1-CDFB-4C38-B1D6-8BF43FBE0A5F}.Ad-Hoc|iPhone.Build.0 = Release|Any CPU
		{ECFFCAD1-CDFB-4C38-B1D6-8BF43FBE0A5F}.Ad-Hoc|iPhone.Deploy.0 = Release|Any CPU
		{ECFFCAD1-CDFB-4C38-B1D6-8BF43FBE0A5F}.Ad-Hoc|iPhoneSimulator.ActiveCfg = Release|Any CPU
		{ECFFCAD1-CDFB-4C38-B1D6-8BF43FBE0A5F}.Ad-Hoc|iPhoneSimulator.Build.0 = Release|Any CPU
		{ECFFCAD1-CDFB-4C38-B1D6-8BF43FBE0A5F}.Ad-Hoc|iPhoneSimulator.Deploy.0 = Release|Any CPU
		{ECFFCAD1-CDFB-4C38-B1D6-8BF43FBE0A5F}.Ad-Hoc|x64.ActiveCfg = Release|Any CPU
		{ECFFCAD1-CDFB-4C38-B1D6-8BF43FBE0A5F}.Ad-Hoc|x64.Build.0 = Release|Any CPU
		{ECFFCAD1-CDFB-4C38-B1D6-8BF43FBE0A5F}.Ad-Hoc|x64.Deploy.0 = Release|Any CPU
		{ECFFCAD1-CDFB-4C38-B1D6-8BF43FBE0A5F}.Ad-Hoc|x86.ActiveCfg = Release|Any CPU
		{ECFFCAD1-CDFB-4C38-B1D6-8BF43FBE0A5F}.Ad-Hoc|x86.Build.0 = Release|Any CPU
		{ECFFCAD1-CDFB-4C38-B1D6-8BF43FBE0A5F}.Ad-Hoc|x86.Deploy.0 = Release|Any CPU
		{ECFFCAD1-CDFB-4C38-B1D6-8BF43FBE0A5F}.AppStore|Any CPU.ActiveCfg = Release|Any CPU
		{ECFFCAD1-CDFB-4C38-B1D6-8BF43FBE0A5F}.AppStore|Any CPU.Build.0 = Release|Any CPU
		{ECFFCAD1-CDFB-4C38-B1D6-8BF43FBE0A5F}.AppStore|Any CPU.Deploy.0 = Release|Any CPU
		{ECFFCAD1-CDFB-4C38-B1D6-8BF43FBE0A5F}.AppStore|ARM.ActiveCfg = Release|Any CPU
		{ECFFCAD1-CDFB-4C38-B1D6-8BF43FBE0A5F}.AppStore|ARM.Build.0 = Release|Any CPU
		{ECFFCAD1-CDFB-4C38-B1D6-8BF43FBE0A5F}.AppStore|ARM.Deploy.0 = Release|Any CPU
		{ECFFCAD1-CDFB-4C38-B1D6-8BF43FBE0A5F}.AppStore|iPhone.ActiveCfg = Release|Any CPU
		{ECFFCAD1-CDFB-4C38-B1D6-8BF43FBE0A5F}.AppStore|iPhone.Build.0 = Release|Any CPU
		{ECFFCAD1-CDFB-4C38-B1D6-8BF43FBE0A5F}.AppStore|iPhone.Deploy.0 = Release|Any CPU
		{ECFFCAD1-CDFB-4C38-B1D6-8BF43FBE0A5F}.AppStore|iPhoneSimulator.ActiveCfg = Release|Any CPU
		{ECFFCAD1-CDFB-4C38-B1D6-8BF43FBE0A5F}.AppStore|iPhoneSimulator.Build.0 = Release|Any CPU
		{ECFFCAD1-CDFB-4C38-B1D6-8BF43FBE0A5F}.AppStore|iPhoneSimulator.Deploy.0 = Release|Any CPU
		{ECFFCAD1-CDFB-4C38-B1D6-8BF43FBE0A5F}.AppStore|x64.ActiveCfg = Release|Any CPU
		{ECFFCAD1-CDFB-4C38-B1D6-8BF43FBE0A5F}.AppStore|x64.Build.0 = Release|Any CPU
		{ECFFCAD1-CDFB-4C38-B1D6-8BF43FBE0A5F}.AppStore|x64.Deploy.0 = Release|Any CPU
		{ECFFCAD1-CDFB-4C38-B1D6-8BF43FBE0A5F}.AppStore|x86.ActiveCfg = Release|Any CPU
		{ECFFCAD1-CDFB-4C38-B1D6-8BF43FBE0A5F}.AppStore|x86.Build.0 = Release|Any CPU
		{ECFFCAD1-CDFB-4C38-B1D6-8BF43FBE0A5F}.AppStore|x86.Deploy.0 = Release|Any CPU
		{ECFFCAD1-CDFB-4C38-B1D6-8BF43FBE0A5F}.Debug|Any CPU.ActiveCfg = Debug|Any CPU
		{ECFFCAD1-CDFB-4C38-B1D6-8BF43FBE0A5F}.Debug|Any CPU.Build.0 = Debug|Any CPU
		{ECFFCAD1-CDFB-4C38-B1D6-8BF43FBE0A5F}.Debug|Any CPU.Deploy.0 = Debug|Any CPU
		{ECFFCAD1-CDFB-4C38-B1D6-8BF43FBE0A5F}.Debug|ARM.ActiveCfg = Debug|Any CPU
		{ECFFCAD1-CDFB-4C38-B1D6-8BF43FBE0A5F}.Debug|ARM.Build.0 = Debug|Any CPU
		{ECFFCAD1-CDFB-4C38-B1D6-8BF43FBE0A5F}.Debug|ARM.Deploy.0 = Debug|Any CPU
		{ECFFCAD1-CDFB-4C38-B1D6-8BF43FBE0A5F}.Debug|iPhone.ActiveCfg = Debug|Any CPU
		{ECFFCAD1-CDFB-4C38-B1D6-8BF43FBE0A5F}.Debug|iPhone.Build.0 = Debug|Any CPU
		{ECFFCAD1-CDFB-4C38-B1D6-8BF43FBE0A5F}.Debug|iPhone.Deploy.0 = Debug|Any CPU
		{ECFFCAD1-CDFB-4C38-B1D6-8BF43FBE0A5F}.Debug|iPhoneSimulator.ActiveCfg = Debug|Any CPU
		{ECFFCAD1-CDFB-4C38-B1D6-8BF43FBE0A5F}.Debug|iPhoneSimulator.Build.0 = Debug|Any CPU
		{ECFFCAD1-CDFB-4C38-B1D6-8BF43FBE0A5F}.Debug|iPhoneSimulator.Deploy.0 = Debug|Any CPU
		{ECFFCAD1-CDFB-4C38-B1D6-8BF43FBE0A5F}.Debug|x64.ActiveCfg = Debug|Any CPU
		{ECFFCAD1-CDFB-4C38-B1D6-8BF43FBE0A5F}.Debug|x64.Build.0 = Debug|Any CPU
		{ECFFCAD1-CDFB-4C38-B1D6-8BF43FBE0A5F}.Debug|x64.Deploy.0 = Debug|Any CPU
		{ECFFCAD1-CDFB-4C38-B1D6-8BF43FBE0A5F}.Debug|x86.ActiveCfg = Debug|Any CPU
		{ECFFCAD1-CDFB-4C38-B1D6-8BF43FBE0A5F}.Debug|x86.Build.0 = Debug|Any CPU
		{ECFFCAD1-CDFB-4C38-B1D6-8BF43FBE0A5F}.Debug|x86.Deploy.0 = Debug|Any CPU
		{ECFFCAD1-CDFB-4C38-B1D6-8BF43FBE0A5F}.Release|Any CPU.ActiveCfg = Release|Any CPU
		{ECFFCAD1-CDFB-4C38-B1D6-8BF43FBE0A5F}.Release|Any CPU.Build.0 = Release|Any CPU
		{ECFFCAD1-CDFB-4C38-B1D6-8BF43FBE0A5F}.Release|Any CPU.Deploy.0 = Release|Any CPU
		{ECFFCAD1-CDFB-4C38-B1D6-8BF43FBE0A5F}.Release|ARM.ActiveCfg = Release|Any CPU
		{ECFFCAD1-CDFB-4C38-B1D6-8BF43FBE0A5F}.Release|ARM.Build.0 = Release|Any CPU
		{ECFFCAD1-CDFB-4C38-B1D6-8BF43FBE0A5F}.Release|ARM.Deploy.0 = Release|Any CPU
		{ECFFCAD1-CDFB-4C38-B1D6-8BF43FBE0A5F}.Release|iPhone.ActiveCfg = Release|Any CPU
		{ECFFCAD1-CDFB-4C38-B1D6-8BF43FBE0A5F}.Release|iPhone.Build.0 = Release|Any CPU
		{ECFFCAD1-CDFB-4C38-B1D6-8BF43FBE0A5F}.Release|iPhone.Deploy.0 = Release|Any CPU
		{ECFFCAD1-CDFB-4C38-B1D6-8BF43FBE0A5F}.Release|iPhoneSimulator.ActiveCfg = Release|Any CPU
		{ECFFCAD1-CDFB-4C38-B1D6-8BF43FBE0A5F}.Release|iPhoneSimulator.Build.0 = Release|Any CPU
		{ECFFCAD1-CDFB-4C38-B1D6-8BF43FBE0A5F}.Release|iPhoneSimulator.Deploy.0 = Release|Any CPU
		{ECFFCAD1-CDFB-4C38-B1D6-8BF43FBE0A5F}.Release|x64.ActiveCfg = Release|Any CPU
		{ECFFCAD1-CDFB-4C38-B1D6-8BF43FBE0A5F}.Release|x64.Build.0 = Release|Any CPU
		{ECFFCAD1-CDFB-4C38-B1D6-8BF43FBE0A5F}.Release|x64.Deploy.0 = Release|Any CPU
		{ECFFCAD1-CDFB-4C38-B1D6-8BF43FBE0A5F}.Release|x86.ActiveCfg = Release|Any CPU
		{ECFFCAD1-CDFB-4C38-B1D6-8BF43FBE0A5F}.Release|x86.Build.0 = Release|Any CPU
		{ECFFCAD1-CDFB-4C38-B1D6-8BF43FBE0A5F}.Release|x86.Deploy.0 = Release|Any CPU
		{5917C203-3A48-40A9-BE0D-367A200DD3CD}.Ad-Hoc|Any CPU.ActiveCfg = Ad-Hoc|iPhone
		{5917C203-3A48-40A9-BE0D-367A200DD3CD}.Ad-Hoc|ARM.ActiveCfg = Ad-Hoc|iPhone
		{5917C203-3A48-40A9-BE0D-367A200DD3CD}.Ad-Hoc|iPhone.ActiveCfg = Ad-Hoc|iPhone
		{5917C203-3A48-40A9-BE0D-367A200DD3CD}.Ad-Hoc|iPhone.Build.0 = Ad-Hoc|iPhone
		{5917C203-3A48-40A9-BE0D-367A200DD3CD}.Ad-Hoc|iPhoneSimulator.ActiveCfg = Ad-Hoc|iPhoneSimulator
		{5917C203-3A48-40A9-BE0D-367A200DD3CD}.Ad-Hoc|iPhoneSimulator.Build.0 = Ad-Hoc|iPhoneSimulator
		{5917C203-3A48-40A9-BE0D-367A200DD3CD}.Ad-Hoc|x64.ActiveCfg = Ad-Hoc|iPhone
		{5917C203-3A48-40A9-BE0D-367A200DD3CD}.Ad-Hoc|x86.ActiveCfg = Ad-Hoc|iPhone
		{5917C203-3A48-40A9-BE0D-367A200DD3CD}.AppStore|Any CPU.ActiveCfg = AppStore|iPhone
		{5917C203-3A48-40A9-BE0D-367A200DD3CD}.AppStore|ARM.ActiveCfg = AppStore|iPhone
		{5917C203-3A48-40A9-BE0D-367A200DD3CD}.AppStore|iPhone.ActiveCfg = AppStore|iPhone
		{5917C203-3A48-40A9-BE0D-367A200DD3CD}.AppStore|iPhone.Build.0 = AppStore|iPhone
		{5917C203-3A48-40A9-BE0D-367A200DD3CD}.AppStore|iPhoneSimulator.ActiveCfg = AppStore|iPhoneSimulator
		{5917C203-3A48-40A9-BE0D-367A200DD3CD}.AppStore|iPhoneSimulator.Build.0 = AppStore|iPhoneSimulator
		{5917C203-3A48-40A9-BE0D-367A200DD3CD}.AppStore|x64.ActiveCfg = AppStore|iPhone
		{5917C203-3A48-40A9-BE0D-367A200DD3CD}.AppStore|x86.ActiveCfg = AppStore|iPhone
		{5917C203-3A48-40A9-BE0D-367A200DD3CD}.Debug|Any CPU.ActiveCfg = Debug|iPhone
		{5917C203-3A48-40A9-BE0D-367A200DD3CD}.Debug|ARM.ActiveCfg = Debug|iPhone
		{5917C203-3A48-40A9-BE0D-367A200DD3CD}.Debug|iPhone.ActiveCfg = Debug|iPhone
		{5917C203-3A48-40A9-BE0D-367A200DD3CD}.Debug|iPhone.Build.0 = Debug|iPhone
		{5917C203-3A48-40A9-BE0D-367A200DD3CD}.Debug|iPhoneSimulator.ActiveCfg = Debug|iPhoneSimulator
		{5917C203-3A48-40A9-BE0D-367A200DD3CD}.Debug|iPhoneSimulator.Build.0 = Debug|iPhoneSimulator
		{5917C203-3A48-40A9-BE0D-367A200DD3CD}.Debug|x64.ActiveCfg = Debug|iPhone
		{5917C203-3A48-40A9-BE0D-367A200DD3CD}.Debug|x86.ActiveCfg = Debug|iPhone
		{5917C203-3A48-40A9-BE0D-367A200DD3CD}.Release|Any CPU.ActiveCfg = Release|iPhone
		{5917C203-3A48-40A9-BE0D-367A200DD3CD}.Release|ARM.ActiveCfg = Release|iPhone
		{5917C203-3A48-40A9-BE0D-367A200DD3CD}.Release|iPhone.ActiveCfg = Release|iPhone
		{5917C203-3A48-40A9-BE0D-367A200DD3CD}.Release|iPhone.Build.0 = Release|iPhone
		{5917C203-3A48-40A9-BE0D-367A200DD3CD}.Release|iPhoneSimulator.ActiveCfg = Release|iPhoneSimulator
		{5917C203-3A48-40A9-BE0D-367A200DD3CD}.Release|iPhoneSimulator.Build.0 = Release|iPhoneSimulator
		{5917C203-3A48-40A9-BE0D-367A200DD3CD}.Release|x64.ActiveCfg = Release|iPhone
		{5917C203-3A48-40A9-BE0D-367A200DD3CD}.Release|x86.ActiveCfg = Release|iPhone
		{26FA4BFE-C98B-43E9-AD4A-95DF34A219C3}.Ad-Hoc|Any CPU.ActiveCfg = Release|Any CPU
		{26FA4BFE-C98B-43E9-AD4A-95DF34A219C3}.Ad-Hoc|Any CPU.Build.0 = Release|Any CPU
		{26FA4BFE-C98B-43E9-AD4A-95DF34A219C3}.Ad-Hoc|Any CPU.Deploy.0 = Release|Any CPU
		{26FA4BFE-C98B-43E9-AD4A-95DF34A219C3}.Ad-Hoc|ARM.ActiveCfg = Release|Any CPU
		{26FA4BFE-C98B-43E9-AD4A-95DF34A219C3}.Ad-Hoc|ARM.Build.0 = Release|Any CPU
		{26FA4BFE-C98B-43E9-AD4A-95DF34A219C3}.Ad-Hoc|ARM.Deploy.0 = Release|Any CPU
		{26FA4BFE-C98B-43E9-AD4A-95DF34A219C3}.Ad-Hoc|iPhone.ActiveCfg = Release|Any CPU
		{26FA4BFE-C98B-43E9-AD4A-95DF34A219C3}.Ad-Hoc|iPhone.Build.0 = Release|Any CPU
		{26FA4BFE-C98B-43E9-AD4A-95DF34A219C3}.Ad-Hoc|iPhone.Deploy.0 = Release|Any CPU
		{26FA4BFE-C98B-43E9-AD4A-95DF34A219C3}.Ad-Hoc|iPhoneSimulator.ActiveCfg = Release|Any CPU
		{26FA4BFE-C98B-43E9-AD4A-95DF34A219C3}.Ad-Hoc|iPhoneSimulator.Build.0 = Release|Any CPU
		{26FA4BFE-C98B-43E9-AD4A-95DF34A219C3}.Ad-Hoc|iPhoneSimulator.Deploy.0 = Release|Any CPU
		{26FA4BFE-C98B-43E9-AD4A-95DF34A219C3}.Ad-Hoc|x64.ActiveCfg = Release|Any CPU
		{26FA4BFE-C98B-43E9-AD4A-95DF34A219C3}.Ad-Hoc|x64.Build.0 = Release|Any CPU
		{26FA4BFE-C98B-43E9-AD4A-95DF34A219C3}.Ad-Hoc|x64.Deploy.0 = Release|Any CPU
		{26FA4BFE-C98B-43E9-AD4A-95DF34A219C3}.Ad-Hoc|x86.ActiveCfg = Release|Any CPU
		{26FA4BFE-C98B-43E9-AD4A-95DF34A219C3}.Ad-Hoc|x86.Build.0 = Release|Any CPU
		{26FA4BFE-C98B-43E9-AD4A-95DF34A219C3}.Ad-Hoc|x86.Deploy.0 = Release|Any CPU
		{26FA4BFE-C98B-43E9-AD4A-95DF34A219C3}.AppStore|Any CPU.ActiveCfg = Release|Any CPU
		{26FA4BFE-C98B-43E9-AD4A-95DF34A219C3}.AppStore|Any CPU.Build.0 = Release|Any CPU
		{26FA4BFE-C98B-43E9-AD4A-95DF34A219C3}.AppStore|Any CPU.Deploy.0 = Release|Any CPU
		{26FA4BFE-C98B-43E9-AD4A-95DF34A219C3}.AppStore|ARM.ActiveCfg = Release|Any CPU
		{26FA4BFE-C98B-43E9-AD4A-95DF34A219C3}.AppStore|ARM.Build.0 = Release|Any CPU
		{26FA4BFE-C98B-43E9-AD4A-95DF34A219C3}.AppStore|ARM.Deploy.0 = Release|Any CPU
		{26FA4BFE-C98B-43E9-AD4A-95DF34A219C3}.AppStore|iPhone.ActiveCfg = Release|Any CPU
		{26FA4BFE-C98B-43E9-AD4A-95DF34A219C3}.AppStore|iPhone.Build.0 = Release|Any CPU
		{26FA4BFE-C98B-43E9-AD4A-95DF34A219C3}.AppStore|iPhone.Deploy.0 = Release|Any CPU
		{26FA4BFE-C98B-43E9-AD4A-95DF34A219C3}.AppStore|iPhoneSimulator.ActiveCfg = Release|Any CPU
		{26FA4BFE-C98B-43E9-AD4A-95DF34A219C3}.AppStore|iPhoneSimulator.Build.0 = Release|Any CPU
		{26FA4BFE-C98B-43E9-AD4A-95DF34A219C3}.AppStore|iPhoneSimulator.Deploy.0 = Release|Any CPU
		{26FA4BFE-C98B-43E9-AD4A-95DF34A219C3}.AppStore|x64.ActiveCfg = Release|Any CPU
		{26FA4BFE-C98B-43E9-AD4A-95DF34A219C3}.AppStore|x64.Build.0 = Release|Any CPU
		{26FA4BFE-C98B-43E9-AD4A-95DF34A219C3}.AppStore|x64.Deploy.0 = Release|Any CPU
		{26FA4BFE-C98B-43E9-AD4A-95DF34A219C3}.AppStore|x86.ActiveCfg = Release|Any CPU
		{26FA4BFE-C98B-43E9-AD4A-95DF34A219C3}.AppStore|x86.Build.0 = Release|Any CPU
		{26FA4BFE-C98B-43E9-AD4A-95DF34A219C3}.AppStore|x86.Deploy.0 = Release|Any CPU
		{26FA4BFE-C98B-43E9-AD4A-95DF34A219C3}.Debug|Any CPU.ActiveCfg = Debug|Any CPU
		{26FA4BFE-C98B-43E9-AD4A-95DF34A219C3}.Debug|Any CPU.Build.0 = Debug|Any CPU
		{26FA4BFE-C98B-43E9-AD4A-95DF34A219C3}.Debug|Any CPU.Deploy.0 = Debug|Any CPU
		{26FA4BFE-C98B-43E9-AD4A-95DF34A219C3}.Debug|ARM.ActiveCfg = Debug|Any CPU
		{26FA4BFE-C98B-43E9-AD4A-95DF34A219C3}.Debug|ARM.Build.0 = Debug|Any CPU
		{26FA4BFE-C98B-43E9-AD4A-95DF34A219C3}.Debug|ARM.Deploy.0 = Debug|Any CPU
		{26FA4BFE-C98B-43E9-AD4A-95DF34A219C3}.Debug|iPhone.ActiveCfg = Debug|Any CPU
		{26FA4BFE-C98B-43E9-AD4A-95DF34A219C3}.Debug|iPhone.Build.0 = Debug|Any CPU
		{26FA4BFE-C98B-43E9-AD4A-95DF34A219C3}.Debug|iPhone.Deploy.0 = Debug|Any CPU
		{26FA4BFE-C98B-43E9-AD4A-95DF34A219C3}.Debug|iPhoneSimulator.ActiveCfg = Debug|Any CPU
		{26FA4BFE-C98B-43E9-AD4A-95DF34A219C3}.Debug|iPhoneSimulator.Build.0 = Debug|Any CPU
		{26FA4BFE-C98B-43E9-AD4A-95DF34A219C3}.Debug|iPhoneSimulator.Deploy.0 = Debug|Any CPU
		{26FA4BFE-C98B-43E9-AD4A-95DF34A219C3}.Debug|x64.ActiveCfg = Debug|Any CPU
		{26FA4BFE-C98B-43E9-AD4A-95DF34A219C3}.Debug|x64.Build.0 = Debug|Any CPU
		{26FA4BFE-C98B-43E9-AD4A-95DF34A219C3}.Debug|x64.Deploy.0 = Debug|Any CPU
		{26FA4BFE-C98B-43E9-AD4A-95DF34A219C3}.Debug|x86.ActiveCfg = Debug|Any CPU
		{26FA4BFE-C98B-43E9-AD4A-95DF34A219C3}.Debug|x86.Build.0 = Debug|Any CPU
		{26FA4BFE-C98B-43E9-AD4A-95DF34A219C3}.Debug|x86.Deploy.0 = Debug|Any CPU
		{26FA4BFE-C98B-43E9-AD4A-95DF34A219C3}.Release|Any CPU.ActiveCfg = Release|Any CPU
		{26FA4BFE-C98B-43E9-AD4A-95DF34A219C3}.Release|Any CPU.Build.0 = Release|Any CPU
		{26FA4BFE-C98B-43E9-AD4A-95DF34A219C3}.Release|Any CPU.Deploy.0 = Release|Any CPU
		{26FA4BFE-C98B-43E9-AD4A-95DF34A219C3}.Release|ARM.ActiveCfg = Release|Any CPU
		{26FA4BFE-C98B-43E9-AD4A-95DF34A219C3}.Release|ARM.Build.0 = Release|Any CPU
		{26FA4BFE-C98B-43E9-AD4A-95DF34A219C3}.Release|ARM.Deploy.0 = Release|Any CPU
		{26FA4BFE-C98B-43E9-AD4A-95DF34A219C3}.Release|iPhone.ActiveCfg = Release|Any CPU
		{26FA4BFE-C98B-43E9-AD4A-95DF34A219C3}.Release|iPhone.Build.0 = Release|Any CPU
		{26FA4BFE-C98B-43E9-AD4A-95DF34A219C3}.Release|iPhone.Deploy.0 = Release|Any CPU
		{26FA4BFE-C98B-43E9-AD4A-95DF34A219C3}.Release|iPhoneSimulator.ActiveCfg = Release|Any CPU
		{26FA4BFE-C98B-43E9-AD4A-95DF34A219C3}.Release|iPhoneSimulator.Build.0 = Release|Any CPU
		{26FA4BFE-C98B-43E9-AD4A-95DF34A219C3}.Release|iPhoneSimulator.Deploy.0 = Release|Any CPU
		{26FA4BFE-C98B-43E9-AD4A-95DF34A219C3}.Release|x64.ActiveCfg = Release|Any CPU
		{26FA4BFE-C98B-43E9-AD4A-95DF34A219C3}.Release|x64.Build.0 = Release|Any CPU
		{26FA4BFE-C98B-43E9-AD4A-95DF34A219C3}.Release|x64.Deploy.0 = Release|Any CPU
		{26FA4BFE-C98B-43E9-AD4A-95DF34A219C3}.Release|x86.ActiveCfg = Release|Any CPU
		{26FA4BFE-C98B-43E9-AD4A-95DF34A219C3}.Release|x86.Build.0 = Release|Any CPU
		{26FA4BFE-C98B-43E9-AD4A-95DF34A219C3}.Release|x86.Deploy.0 = Release|Any CPU
		{2D7CF336-1F7A-46AF-B13A-086DCA7270DB}.Ad-Hoc|Any CPU.ActiveCfg = Release|iPhone
		{2D7CF336-1F7A-46AF-B13A-086DCA7270DB}.Ad-Hoc|Any CPU.Build.0 = Release|iPhone
		{2D7CF336-1F7A-46AF-B13A-086DCA7270DB}.Ad-Hoc|ARM.ActiveCfg = Release|iPhone
		{2D7CF336-1F7A-46AF-B13A-086DCA7270DB}.Ad-Hoc|ARM.Build.0 = Release|iPhone
		{2D7CF336-1F7A-46AF-B13A-086DCA7270DB}.Ad-Hoc|iPhone.ActiveCfg = Release|iPhone
		{2D7CF336-1F7A-46AF-B13A-086DCA7270DB}.Ad-Hoc|iPhone.Build.0 = Release|iPhone
		{2D7CF336-1F7A-46AF-B13A-086DCA7270DB}.Ad-Hoc|iPhoneSimulator.ActiveCfg = Release|iPhoneSimulator
		{2D7CF336-1F7A-46AF-B13A-086DCA7270DB}.Ad-Hoc|iPhoneSimulator.Build.0 = Release|iPhoneSimulator
		{2D7CF336-1F7A-46AF-B13A-086DCA7270DB}.Ad-Hoc|x64.ActiveCfg = Release|iPhone
		{2D7CF336-1F7A-46AF-B13A-086DCA7270DB}.Ad-Hoc|x64.Build.0 = Release|iPhone
		{2D7CF336-1F7A-46AF-B13A-086DCA7270DB}.Ad-Hoc|x86.ActiveCfg = Release|iPhone
		{2D7CF336-1F7A-46AF-B13A-086DCA7270DB}.Ad-Hoc|x86.Build.0 = Release|iPhone
		{2D7CF336-1F7A-46AF-B13A-086DCA7270DB}.AppStore|Any CPU.ActiveCfg = Release|iPhone
		{2D7CF336-1F7A-46AF-B13A-086DCA7270DB}.AppStore|Any CPU.Build.0 = Release|iPhone
		{2D7CF336-1F7A-46AF-B13A-086DCA7270DB}.AppStore|ARM.ActiveCfg = Release|iPhone
		{2D7CF336-1F7A-46AF-B13A-086DCA7270DB}.AppStore|ARM.Build.0 = Release|iPhone
		{2D7CF336-1F7A-46AF-B13A-086DCA7270DB}.AppStore|iPhone.ActiveCfg = Release|iPhone
		{2D7CF336-1F7A-46AF-B13A-086DCA7270DB}.AppStore|iPhone.Build.0 = Release|iPhone
		{2D7CF336-1F7A-46AF-B13A-086DCA7270DB}.AppStore|iPhoneSimulator.ActiveCfg = Release|iPhoneSimulator
		{2D7CF336-1F7A-46AF-B13A-086DCA7270DB}.AppStore|iPhoneSimulator.Build.0 = Release|iPhoneSimulator
		{2D7CF336-1F7A-46AF-B13A-086DCA7270DB}.AppStore|x64.ActiveCfg = Release|iPhone
		{2D7CF336-1F7A-46AF-B13A-086DCA7270DB}.AppStore|x64.Build.0 = Release|iPhone
		{2D7CF336-1F7A-46AF-B13A-086DCA7270DB}.AppStore|x86.ActiveCfg = Release|iPhone
		{2D7CF336-1F7A-46AF-B13A-086DCA7270DB}.AppStore|x86.Build.0 = Release|iPhone
		{2D7CF336-1F7A-46AF-B13A-086DCA7270DB}.Debug|Any CPU.ActiveCfg = Debug|iPhone
		{2D7CF336-1F7A-46AF-B13A-086DCA7270DB}.Debug|ARM.ActiveCfg = Debug|iPhone
		{2D7CF336-1F7A-46AF-B13A-086DCA7270DB}.Debug|iPhone.ActiveCfg = Debug|iPhone
		{2D7CF336-1F7A-46AF-B13A-086DCA7270DB}.Debug|iPhone.Build.0 = Debug|iPhone
		{2D7CF336-1F7A-46AF-B13A-086DCA7270DB}.Debug|iPhoneSimulator.ActiveCfg = Debug|iPhoneSimulator
		{2D7CF336-1F7A-46AF-B13A-086DCA7270DB}.Debug|iPhoneSimulator.Build.0 = Debug|iPhoneSimulator
		{2D7CF336-1F7A-46AF-B13A-086DCA7270DB}.Debug|x64.ActiveCfg = Debug|iPhone
		{2D7CF336-1F7A-46AF-B13A-086DCA7270DB}.Debug|x86.ActiveCfg = Debug|iPhone
		{2D7CF336-1F7A-46AF-B13A-086DCA7270DB}.Release|Any CPU.ActiveCfg = Release|iPhone
		{2D7CF336-1F7A-46AF-B13A-086DCA7270DB}.Release|ARM.ActiveCfg = Release|iPhone
		{2D7CF336-1F7A-46AF-B13A-086DCA7270DB}.Release|iPhone.ActiveCfg = Release|iPhone
		{2D7CF336-1F7A-46AF-B13A-086DCA7270DB}.Release|iPhone.Build.0 = Release|iPhone
		{2D7CF336-1F7A-46AF-B13A-086DCA7270DB}.Release|iPhoneSimulator.ActiveCfg = Release|iPhoneSimulator
		{2D7CF336-1F7A-46AF-B13A-086DCA7270DB}.Release|iPhoneSimulator.Build.0 = Release|iPhoneSimulator
		{2D7CF336-1F7A-46AF-B13A-086DCA7270DB}.Release|x64.ActiveCfg = Release|iPhone
		{2D7CF336-1F7A-46AF-B13A-086DCA7270DB}.Release|x86.ActiveCfg = Release|iPhone
	EndGlobalSection
	GlobalSection(SolutionProperties) = preSolution
		HideSolutionNode = FALSE
	EndGlobalSection
	GlobalSection(ExtensibilityGlobals) = postSolution
		SolutionGuid = {86A344C0-86A7-407C-B4DB-6CD1143E1A28}
	EndGlobalSection
EndGlobal
